
Microsoft Visual Studio Solution File, Format Version 12.00
# Visual Studio Version 16
VisualStudioVersion = 16.0.30907.101
MinimumVisualStudioVersion = 10.0.40219.1
Project("{FAE04EC0-301F-11D3-BF4B-00C04F79EFBC}") = "RicardoEletro", "RicardoEletro.csproj", "{0573EDA5-DCFF-47BF-AAB1-85E595D7DB70}"
EndProject
Global
	GlobalSection(SolutionConfigurationPlatforms) = preSolution
		Debug|Any CPU = Debug|Any CPU
		Release|Any CPU = Release|Any CPU
	EndGlobalSection
	GlobalSection(ProjectConfigurationPlatforms) = postSolution
		{0573EDA5-DCFF-47BF-AAB1-85E595D7DB70}.Debug|Any CPU.ActiveCfg = Debug|Any CPU
		{0573EDA5-DCFF-47BF-AAB1-85E595D7DB70}.Debug|Any CPU.Build.0 = Debug|Any CPU
		{0573EDA5-DCFF-47BF-AAB1-85E595D7DB70}.Release|Any CPU.ActiveCfg = Release|Any CPU
		{0573EDA5-DCFF-47BF-AAB1-85E595D7DB70}.Release|Any CPU.Build.0 = Release|Any CPU
	EndGlobalSection
	GlobalSection(SolutionProperties) = preSolution
		HideSolutionNode = FALSE
	EndGlobalSection
	GlobalSection(ExtensibilityGlobals) = postSolution
		SolutionGuid = {611589A0-D6C1-41BC-9B74-710FA007930F}
	EndGlobalSection
EndGlobal
